
Microsoft Visual Studio Solution File, Format Version 12.00
# Visual Studio 15
VisualStudioVersion = 15.0.28010.2016
MinimumVisualStudioVersion = 10.0.40219.1
Project("{FAE04EC0-301F-11D3-BF4B-00C04F79EFBC}") = "ConsoleApp1", "ConsoleApp1\ConsoleApp1.csproj", "{692E11A4-D3B8-40B4-8DDE-8D487398CAAE}"
EndProject
Project("{FAE04EC0-301F-11D3-BF4B-00C04F79EFBC}") = "ConsoleApp2", "ConsoleApp2\ConsoleApp2.csproj", "{106E951B-9825-4E00-A13F-19B240EA651A}"
EndProject
Project("{FAE04EC0-301F-11D3-BF4B-00C04F79EFBC}") = "ConsoleApp3", "ConsoleApp3\ConsoleApp3.csproj", "{F1015F5E-B3B4-4CA6-9A6A-2D2413EA2996}"
EndProject
Project("{FAE04EC0-301F-11D3-BF4B-00C04F79EFBC}") = "ConsoleApp4", "ConsoleApp4\ConsoleApp4.csproj", "{0288ABC9-9D54-4972-A99F-5ABAAFEB8EA3}"
EndProject
Project("{FAE04EC0-301F-11D3-BF4B-00C04F79EFBC}") = "ConsoleApp5", "ConsoleApp5\ConsoleApp5.csproj", "{ED354EEF-1222-44EA-9B52-B8910376B145}"
EndProject
Project("{FAE04EC0-301F-11D3-BF4B-00C04F79EFBC}") = "ConsoleApp6", "ConsoleApp6\ConsoleApp6.csproj", "{3440DA4E-148F-4A97-AC99-173ED847A834}"
EndProject
Project("{FAE04EC0-301F-11D3-BF4B-00C04F79EFBC}") = "ConsoleApp7", "ConsoleApp7\ConsoleApp7.csproj", "{E5E9F66B-4D16-48E9-A869-EC32C7CEF54D}"
EndProject
Project("{FAE04EC0-301F-11D3-BF4B-00C04F79EFBC}") = "ConsoleApp8", "ConsoleApp8\ConsoleApp8.csproj", "{95747BD8-9D76-4ACE-98BD-BA9293AB26B5}"
EndProject
Project("{FAE04EC0-301F-11D3-BF4B-00C04F79EFBC}") = "ConsoleApp9", "ConsoleApp9\ConsoleApp9.csproj", "{6C3C163D-C8CF-45E0-8A11-DC38274A8B10}"
EndProject
Project("{FAE04EC0-301F-11D3-BF4B-00C04F79EFBC}") = "ConsoleApp10", "ConsoleApp10\ConsoleApp10.csproj", "{1233B266-DA2D-48C8-9F2F-294FF288EC1C}"
EndProject
Project("{FAE04EC0-301F-11D3-BF4B-00C04F79EFBC}") = "ConsoleApp11", "ConsoleApp11\ConsoleApp11.csproj", "{73C65907-6500-4C09-AAFA-44FA20E661E9}"
EndProject
Project("{FAE04EC0-301F-11D3-BF4B-00C04F79EFBC}") = "ConsoleApp12", "ConsoleApp12\ConsoleApp12.csproj", "{6262A1EF-693A-40B8-8370-762E057C0447}"
EndProject
Project("{FAE04EC0-301F-11D3-BF4B-00C04F79EFBC}") = "ConsoleApp13", "ConsoleApp13\ConsoleApp13.csproj", "{DC8B21FB-6C0E-459E-9BF3-3983F0C7C08F}"
EndProject
Project("{FAE04EC0-301F-11D3-BF4B-00C04F79EFBC}") = "ConsoleApp14", "ConsoleApp14\ConsoleApp14.csproj", "{C7641564-8450-4471-9B02-0D16466FA70A}"
EndProject
Project("{FAE04EC0-301F-11D3-BF4B-00C04F79EFBC}") = "ConsoleApp15", "ConsoleApp15\ConsoleApp15.csproj", "{F054B28E-CFB9-4BA7-909A-128E13811B40}"
EndProject
Project("{FAE04EC0-301F-11D3-BF4B-00C04F79EFBC}") = "ConsoleApp16", "ConsoleApp16\ConsoleApp16.csproj", "{B2C9D926-E51B-4A5E-921A-20011C5E7D51}"
EndProject
Project("{FAE04EC0-301F-11D3-BF4B-00C04F79EFBC}") = "ConsoleApp17", "ConsoleApp17\ConsoleApp17.csproj", "{03A4050F-B626-4246-B7D1-7ADFF1D6D455}"
EndProject
Project("{FAE04EC0-301F-11D3-BF4B-00C04F79EFBC}") = "ConsoleApp18", "ConsoleApp18\ConsoleApp18.csproj", "{FF1022E3-7A06-465C-B3FF-11D7C84D663D}"
EndProject
Global
	GlobalSection(SolutionConfigurationPlatforms) = preSolution
		Debug|Any CPU = Debug|Any CPU
		Release|Any CPU = Release|Any CPU
	EndGlobalSection
	GlobalSection(ProjectConfigurationPlatforms) = postSolution
		{692E11A4-D3B8-40B4-8DDE-8D487398CAAE}.Debug|Any CPU.ActiveCfg = Debug|Any CPU
		{692E11A4-D3B8-40B4-8DDE-8D487398CAAE}.Debug|Any CPU.Build.0 = Debug|Any CPU
		{692E11A4-D3B8-40B4-8DDE-8D487398CAAE}.Release|Any CPU.ActiveCfg = Release|Any CPU
		{692E11A4-D3B8-40B4-8DDE-8D487398CAAE}.Release|Any CPU.Build.0 = Release|Any CPU
		{106E951B-9825-4E00-A13F-19B240EA651A}.Debug|Any CPU.ActiveCfg = Debug|Any CPU
		{106E951B-9825-4E00-A13F-19B240EA651A}.Debug|Any CPU.Build.0 = Debug|Any CPU
		{106E951B-9825-4E00-A13F-19B240EA651A}.Release|Any CPU.ActiveCfg = Release|Any CPU
		{106E951B-9825-4E00-A13F-19B240EA651A}.Release|Any CPU.Build.0 = Release|Any CPU
		{F1015F5E-B3B4-4CA6-9A6A-2D2413EA2996}.Debug|Any CPU.ActiveCfg = Debug|Any CPU
		{F1015F5E-B3B4-4CA6-9A6A-2D2413EA2996}.Debug|Any CPU.Build.0 = Debug|Any CPU
		{F1015F5E-B3B4-4CA6-9A6A-2D2413EA2996}.Release|Any CPU.ActiveCfg = Release|Any CPU
		{F1015F5E-B3B4-4CA6-9A6A-2D2413EA2996}.Release|Any CPU.Build.0 = Release|Any CPU
		{0288ABC9-9D54-4972-A99F-5ABAAFEB8EA3}.Debug|Any CPU.ActiveCfg = Debug|Any CPU
		{0288ABC9-9D54-4972-A99F-5ABAAFEB8EA3}.Debug|Any CPU.Build.0 = Debug|Any CPU
		{0288ABC9-9D54-4972-A99F-5ABAAFEB8EA3}.Release|Any CPU.ActiveCfg = Release|Any CPU
		{0288ABC9-9D54-4972-A99F-5ABAAFEB8EA3}.Release|Any CPU.Build.0 = Release|Any CPU
		{ED354EEF-1222-44EA-9B52-B8910376B145}.Debug|Any CPU.ActiveCfg = Debug|Any CPU
		{ED354EEF-1222-44EA-9B52-B8910376B145}.Debug|Any CPU.Build.0 = Debug|Any CPU
		{ED354EEF-1222-44EA-9B52-B8910376B145}.Release|Any CPU.ActiveCfg = Release|Any CPU
		{ED354EEF-1222-44EA-9B52-B8910376B145}.Release|Any CPU.Build.0 = Release|Any CPU
		{3440DA4E-148F-4A97-AC99-173ED847A834}.Debug|Any CPU.ActiveCfg = Debug|Any CPU
		{3440DA4E-148F-4A97-AC99-173ED847A834}.Debug|Any CPU.Build.0 = Debug|Any CPU
		{3440DA4E-148F-4A97-AC99-173ED847A834}.Release|Any CPU.ActiveCfg = Release|Any CPU
		{3440DA4E-148F-4A97-AC99-173ED847A834}.Release|Any CPU.Build.0 = Release|Any CPU
		{E5E9F66B-4D16-48E9-A869-EC32C7CEF54D}.Debug|Any CPU.ActiveCfg = Debug|Any CPU
		{E5E9F66B-4D16-48E9-A869-EC32C7CEF54D}.Debug|Any CPU.Build.0 = Debug|Any CPU
		{E5E9F66B-4D16-48E9-A869-EC32C7CEF54D}.Release|Any CPU.ActiveCfg = Release|Any CPU
		{E5E9F66B-4D16-48E9-A869-EC32C7CEF54D}.Release|Any CPU.Build.0 = Release|Any CPU
		{95747BD8-9D76-4ACE-98BD-BA9293AB26B5}.Debug|Any CPU.ActiveCfg = Debug|Any CPU
		{95747BD8-9D76-4ACE-98BD-BA9293AB26B5}.Debug|Any CPU.Build.0 = Debug|Any CPU
		{95747BD8-9D76-4ACE-98BD-BA9293AB26B5}.Release|Any CPU.ActiveCfg = Release|Any CPU
		{95747BD8-9D76-4ACE-98BD-BA9293AB26B5}.Release|Any CPU.Build.0 = Release|Any CPU
		{6C3C163D-C8CF-45E0-8A11-DC38274A8B10}.Debug|Any CPU.ActiveCfg = Debug|Any CPU
		{6C3C163D-C8CF-45E0-8A11-DC38274A8B10}.Debug|Any CPU.Build.0 = Debug|Any CPU
		{6C3C163D-C8CF-45E0-8A11-DC38274A8B10}.Release|Any CPU.ActiveCfg = Release|Any CPU
		{6C3C163D-C8CF-45E0-8A11-DC38274A8B10}.Release|Any CPU.Build.0 = Release|Any CPU
		{1233B266-DA2D-48C8-9F2F-294FF288EC1C}.Debug|Any CPU.ActiveCfg = Debug|Any CPU
		{1233B266-DA2D-48C8-9F2F-294FF288EC1C}.Debug|Any CPU.Build.0 = Debug|Any CPU
		{1233B266-DA2D-48C8-9F2F-294FF288EC1C}.Release|Any CPU.ActiveCfg = Release|Any CPU
		{1233B266-DA2D-48C8-9F2F-294FF288EC1C}.Release|Any CPU.Build.0 = Release|Any CPU
		{73C65907-6500-4C09-AAFA-44FA20E661E9}.Debug|Any CPU.ActiveCfg = Debug|Any CPU
		{73C65907-6500-4C09-AAFA-44FA20E661E9}.Debug|Any CPU.Build.0 = Debug|Any CPU
		{73C65907-6500-4C09-AAFA-44FA20E661E9}.Release|Any CPU.ActiveCfg = Release|Any CPU
		{73C65907-6500-4C09-AAFA-44FA20E661E9}.Release|Any CPU.Build.0 = Release|Any CPU
		{6262A1EF-693A-40B8-8370-762E057C0447}.Debug|Any CPU.ActiveCfg = Debug|Any CPU
		{6262A1EF-693A-40B8-8370-762E057C0447}.Debug|Any CPU.Build.0 = Debug|Any CPU
		{6262A1EF-693A-40B8-8370-762E057C0447}.Release|Any CPU.ActiveCfg = Release|Any CPU
		{6262A1EF-693A-40B8-8370-762E057C0447}.Release|Any CPU.Build.0 = Release|Any CPU
		{DC8B21FB-6C0E-459E-9BF3-3983F0C7C08F}.Debug|Any CPU.ActiveCfg = Debug|Any CPU
		{DC8B21FB-6C0E-459E-9BF3-3983F0C7C08F}.Debug|Any CPU.Build.0 = Debug|Any CPU
		{DC8B21FB-6C0E-459E-9BF3-3983F0C7C08F}.Release|Any CPU.ActiveCfg = Release|Any CPU
		{DC8B21FB-6C0E-459E-9BF3-3983F0C7C08F}.Release|Any CPU.Build.0 = Release|Any CPU
		{C7641564-8450-4471-9B02-0D16466FA70A}.Debug|Any CPU.ActiveCfg = Debug|Any CPU
		{C7641564-8450-4471-9B02-0D16466FA70A}.Debug|Any CPU.Build.0 = Debug|Any CPU
		{C7641564-8450-4471-9B02-0D16466FA70A}.Release|Any CPU.ActiveCfg = Release|Any CPU
		{C7641564-8450-4471-9B02-0D16466FA70A}.Release|Any CPU.Build.0 = Release|Any CPU
		{F054B28E-CFB9-4BA7-909A-128E13811B40}.Debug|Any CPU.ActiveCfg = Debug|Any CPU
		{F054B28E-CFB9-4BA7-909A-128E13811B40}.Debug|Any CPU.Build.0 = Debug|Any CPU
		{F054B28E-CFB9-4BA7-909A-128E13811B40}.Release|Any CPU.ActiveCfg = Release|Any CPU
		{F054B28E-CFB9-4BA7-909A-128E13811B40}.Release|Any CPU.Build.0 = Release|Any CPU
		{B2C9D926-E51B-4A5E-921A-20011C5E7D51}.Debug|Any CPU.ActiveCfg = Debug|Any CPU
		{B2C9D926-E51B-4A5E-921A-20011C5E7D51}.Debug|Any CPU.Build.0 = Debug|Any CPU
		{B2C9D926-E51B-4A5E-921A-20011C5E7D51}.Release|Any CPU.ActiveCfg = Release|Any CPU
		{B2C9D926-E51B-4A5E-921A-20011C5E7D51}.Release|Any CPU.Build.0 = Release|Any CPU
		{03A4050F-B626-4246-B7D1-7ADFF1D6D455}.Debug|Any CPU.ActiveCfg = Debug|Any CPU
		{03A4050F-B626-4246-B7D1-7ADFF1D6D455}.Debug|Any CPU.Build.0 = Debug|Any CPU
		{03A4050F-B626-4246-B7D1-7ADFF1D6D455}.Release|Any CPU.ActiveCfg = Release|Any CPU
		{03A4050F-B626-4246-B7D1-7ADFF1D6D455}.Release|Any CPU.Build.0 = Release|Any CPU
		{FF1022E3-7A06-465C-B3FF-11D7C84D663D}.Debug|Any CPU.ActiveCfg = Debug|Any CPU
		{FF1022E3-7A06-465C-B3FF-11D7C84D663D}.Debug|Any CPU.Build.0 = Debug|Any CPU
		{FF1022E3-7A06-465C-B3FF-11D7C84D663D}.Release|Any CPU.ActiveCfg = Release|Any CPU
		{FF1022E3-7A06-465C-B3FF-11D7C84D663D}.Release|Any CPU.Build.0 = Release|Any CPU
	EndGlobalSection
	GlobalSection(SolutionProperties) = preSolution
		HideSolutionNode = FALSE
	EndGlobalSection
	GlobalSection(ExtensibilityGlobals) = postSolution
		SolutionGuid = {C869B44A-4F61-46C7-82F6-69532A572B75}
	EndGlobalSection
EndGlobal
